{
  "version": 4,
  "terraform_version": "0.12.16",
  "serial": 367,
  "lineage": "cab77c92-2d93-72ef-b296-205fa8cba20a",
  "outputs": {},
  "resources": [
    {
      "module": "module.appgw-afa",
      "mode": "managed",
      "type": "azurerm_application_gateway",
      "name": "network",
      "provider": "provider.azurerm",
      "instances": [
        {
          "schema_version": 0,
          "attributes": {
            "authentication_certificate": [],
            "autoscale_configuration": [],
            "backend_address_pool": [
              {
                "fqdn_list": [],
                "fqdns": [],
                "id": "/subscriptions/47309ca5-07cb-421a-9190-601d13a30cdf/resourceGroups/poc-netop-rg/providers/Microsoft.Network/applicationGateways/afa-gw-appgateway/backendAddressPools/BackendPool",
                "ip_address_list": [
                  "51.105.206.73"
                ],
                "ip_addresses": [
                  "51.105.206.73"
                ],
                "name": "BackendPool"
              }
            ],
            "backend_http_settings": [
              {
                "affinity_cookie_name": "",
                "authentication_certificate": [],
                "connection_draining": [],
                "cookie_based_affinity": "Disabled",
                "host_name": "hello.aci1.apid.vnet-tribe.afa.azure.extraxa",
                "id": "/subscriptions/47309ca5-07cb-421a-9190-601d13a30cdf/resourceGroups/poc-netop-rg/providers/Microsoft.Network/applicationGateways/afa-gw-appgateway/backendHttpSettingsCollection/BackendHTTPSettings",
                "name": "BackendHTTPSettings",
                "path": "",
                "pick_host_name_from_backend_address": false,
                "port": 80,
                "probe_id": "",
                "probe_name": "",
                "protocol": "Http",
                "request_timeout": 5
              }
            ],
            "custom_error_configuration": [],
            "disabled_ssl_protocols": [],
            "enable_http2": false,
            "frontend_ip_configuration": [
              {
                "id": "/subscriptions/47309ca5-07cb-421a-9190-601d13a30cdf/resourceGroups/poc-netop-rg/providers/Microsoft.Network/applicationGateways/afa-gw-appgateway/frontendIPConfigurations/ingress-ip-config",
                "name": "ingress-ip-config",
                "private_ip_address": "10.1.2.10",
                "private_ip_address_allocation": "Static",
                "public_ip_address_id": "",
                "subnet_id": "/subscriptions/47309ca5-07cb-421a-9190-601d13a30cdf/resourceGroups/poc-netop-rg/providers/Microsoft.Network/virtualNetworks/afa/subnets/afa-gw"
              },
              {
                "id": "/subscriptions/47309ca5-07cb-421a-9190-601d13a30cdf/resourceGroups/poc-netop-rg/providers/Microsoft.Network/applicationGateways/afa-gw-appgateway/frontendIPConfigurations/egress-ip-config",
                "name": "egress-ip-config",
                "private_ip_address": "",
                "private_ip_address_allocation": "Dynamic",
                "public_ip_address_id": "/subscriptions/47309ca5-07cb-421a-9190-601d13a30cdf/resourceGroups/poc-netop-rg/providers/Microsoft.Network/publicIPAddresses/afa-gw-pip",
                "subnet_id": ""
              }
            ],
            "frontend_port": [
              {
                "id": "/subscriptions/47309ca5-07cb-421a-9190-601d13a30cdf/resourceGroups/poc-netop-rg/providers/Microsoft.Network/applicationGateways/afa-gw-appgateway/frontendPorts/FrontEnd-Port",
                "name": "FrontEnd-Port",
                "port": 80
              }
            ],
            "gateway_ip_configuration": [
              {
                "id": "/subscriptions/47309ca5-07cb-421a-9190-601d13a30cdf/resourceGroups/poc-netop-rg/providers/Microsoft.Network/applicationGateways/afa-gw-appgateway/gatewayIPConfigurations/afa-gw-ip-configuration",
                "name": "afa-gw-ip-configuration",
                "subnet_id": "/subscriptions/47309ca5-07cb-421a-9190-601d13a30cdf/resourceGroups/poc-netop-rg/providers/Microsoft.Network/virtualNetworks/afa/subnets/afa-gw"
              }
            ],
            "http_listener": [
              {
                "custom_error_configuration": [],
                "frontend_ip_configuration_id": "/subscriptions/47309ca5-07cb-421a-9190-601d13a30cdf/resourceGroups/poc-netop-rg/providers/Microsoft.Network/applicationGateways/afa-gw-appgateway/frontendIPConfigurations/ingress-ip-config",
                "frontend_ip_configuration_name": "ingress-ip-config",
                "frontend_port_id": "/subscriptions/47309ca5-07cb-421a-9190-601d13a30cdf/resourceGroups/poc-netop-rg/providers/Microsoft.Network/applicationGateways/afa-gw-appgateway/frontendPorts/FrontEnd-Port",
                "frontend_port_name": "FrontEnd-Port",
                "host_name": "hello.aci1.apid.vnet-tribe.afa.azure.extraxa",
                "id": "/subscriptions/47309ca5-07cb-421a-9190-601d13a30cdf/resourceGroups/poc-netop-rg/providers/Microsoft.Network/applicationGateways/afa-gw-appgateway/httpListeners/afa-gw-listener",
                "name": "afa-gw-listener",
                "protocol": "Http",
                "require_sni": false,
                "ssl_certificate_id": "",
                "ssl_certificate_name": ""
              }
            ],
            "id": "/subscriptions/47309ca5-07cb-421a-9190-601d13a30cdf/resourceGroups/poc-netop-rg/providers/Microsoft.Network/applicationGateways/afa-gw-appgateway",
            "identity": [],
            "location": "westeurope",
            "name": "afa-gw-appgateway",
            "probe": [],
            "redirect_configuration": [],
            "request_routing_rule": [
              {
                "backend_address_pool_id": "/subscriptions/47309ca5-07cb-421a-9190-601d13a30cdf/resourceGroups/poc-netop-rg/providers/Microsoft.Network/applicationGateways/afa-gw-appgateway/backendAddressPools/BackendPool",
                "backend_address_pool_name": "BackendPool",
                "backend_http_settings_id": "/subscriptions/47309ca5-07cb-421a-9190-601d13a30cdf/resourceGroups/poc-netop-rg/providers/Microsoft.Network/applicationGateways/afa-gw-appgateway/backendHttpSettingsCollection/BackendHTTPSettings",
                "backend_http_settings_name": "BackendHTTPSettings",
                "http_listener_id": "/subscriptions/47309ca5-07cb-421a-9190-601d13a30cdf/resourceGroups/poc-netop-rg/providers/Microsoft.Network/applicationGateways/afa-gw-appgateway/httpListeners/afa-gw-listener",
                "http_listener_name": "afa-gw-listener",
                "id": "/subscriptions/47309ca5-07cb-421a-9190-601d13a30cdf/resourceGroups/poc-netop-rg/providers/Microsoft.Network/applicationGateways/afa-gw-appgateway/requestRoutingRules/afa-gw-routing_rule",
                "name": "afa-gw-routing_rule",
                "redirect_configuration_id": "",
                "redirect_configuration_name": "",
                "rewrite_rule_set_id": "",
                "rewrite_rule_set_name": "",
                "rule_type": "Basic",
                "url_path_map_id": "",
                "url_path_map_name": ""
              }
            ],
            "resource_group_name": "poc-netop-rg",
            "rewrite_rule_set": [],
            "sku": [
              {
                "capacity": 1,
                "name": "Standard_v2",
                "tier": "Standard_v2"
              }
            ],
            "ssl_certificate": [],
            "ssl_policy": [
              {
                "cipher_suites": [],
                "disabled_protocols": [],
                "min_protocol_version": "",
                "policy_name": "",
                "policy_type": ""
              }
            ],
            "tags": {
              "global-dcs": "DDOO",
              "global-env": "sb",
              "global-opco": "AFA",
              "global-project": "LB25689"
            },
            "trusted_root_certificate": [],
            "url_path_map": [],
            "waf_configuration": [],
            "zones": []
          },
          "private": "bnVsbA==",
          "dependencies": [
            "azurerm_resource_group.poc-netop-rg",
            "module.appgw-afa.azurerm_public_ip.public-fe",
            "module.appgw-afa.azurerm_subnet.gw-subnet",
            "module.appgw-apid.azurerm_public_ip.public-fe",
            "module.vnet-afa.azurerm_virtual_network.gw-vnet"
          ]
        }
      ]
    },
    {
      "module": "module.appgw-apid",
      "mode": "managed",
      "type": "azurerm_application_gateway",
      "name": "network",
      "provider": "provider.azurerm",
      "instances": [
        {
          "schema_version": 0,
          "attributes": {
            "authentication_certificate": [],
            "autoscale_configuration": [],
            "backend_address_pool": [
              {
                "fqdn_list": [],
                "fqdns": [],
                "id": "/subscriptions/47309ca5-07cb-421a-9190-601d13a30cdf/resourceGroups/poc-netop-rg/providers/Microsoft.Network/applicationGateways/apid-gw-appgateway/backendAddressPools/BackendPool",
                "ip_address_list": [
                  "10.1.1.4"
                ],
                "ip_addresses": [
                  "10.1.1.4"
                ],
                "name": "BackendPool"
              }
            ],
            "backend_http_settings": [
              {
                "affinity_cookie_name": "",
                "authentication_certificate": [],
                "connection_draining": [],
                "cookie_based_affinity": "Disabled",
                "host_name": "hello.aci1.apid.vnet-tribe.afa.azure.extraxa",
                "id": "/subscriptions/47309ca5-07cb-421a-9190-601d13a30cdf/resourceGroups/poc-netop-rg/providers/Microsoft.Network/applicationGateways/apid-gw-appgateway/backendHttpSettingsCollection/BackendHTTPSettings",
                "name": "BackendHTTPSettings",
                "path": "",
                "pick_host_name_from_backend_address": false,
                "port": 80,
                "probe_id": "",
                "probe_name": "",
                "protocol": "Http",
                "request_timeout": 5
              }
            ],
            "custom_error_configuration": [],
            "disabled_ssl_protocols": [],
            "enable_http2": false,
            "frontend_ip_configuration": [
              {
                "id": "/subscriptions/47309ca5-07cb-421a-9190-601d13a30cdf/resourceGroups/poc-netop-rg/providers/Microsoft.Network/applicationGateways/apid-gw-appgateway/frontendIPConfigurations/ingress-ip-config",
                "name": "ingress-ip-config",
                "private_ip_address": "",
                "private_ip_address_allocation": "Dynamic",
                "public_ip_address_id": "/subscriptions/47309ca5-07cb-421a-9190-601d13a30cdf/resourceGroups/poc-netop-rg/providers/Microsoft.Network/publicIPAddresses/apid-gw-pip",
                "subnet_id": ""
              },
              {
                "id": "/subscriptions/47309ca5-07cb-421a-9190-601d13a30cdf/resourceGroups/poc-netop-rg/providers/Microsoft.Network/applicationGateways/apid-gw-appgateway/frontendIPConfigurations/egress-ip-config",
                "name": "egress-ip-config",
                "private_ip_address": "10.1.2.10",
                "private_ip_address_allocation": "Static",
                "public_ip_address_id": "",
                "subnet_id": "/subscriptions/47309ca5-07cb-421a-9190-601d13a30cdf/resourceGroups/poc-netop-rg/providers/Microsoft.Network/virtualNetworks/apid/subnets/apid-gw"
              }
            ],
            "frontend_port": [
              {
                "id": "/subscriptions/47309ca5-07cb-421a-9190-601d13a30cdf/resourceGroups/poc-netop-rg/providers/Microsoft.Network/applicationGateways/apid-gw-appgateway/frontendPorts/FrontEnd-Port",
                "name": "FrontEnd-Port",
                "port": 80
              }
            ],
            "gateway_ip_configuration": [
              {
                "id": "/subscriptions/47309ca5-07cb-421a-9190-601d13a30cdf/resourceGroups/poc-netop-rg/providers/Microsoft.Network/applicationGateways/apid-gw-appgateway/gatewayIPConfigurations/apid-gw-ip-configuration",
                "name": "apid-gw-ip-configuration",
                "subnet_id": "/subscriptions/47309ca5-07cb-421a-9190-601d13a30cdf/resourceGroups/poc-netop-rg/providers/Microsoft.Network/virtualNetworks/apid/subnets/apid-gw"
              }
            ],
            "http_listener": [
              {
                "custom_error_configuration": [],
                "frontend_ip_configuration_id": "/subscriptions/47309ca5-07cb-421a-9190-601d13a30cdf/resourceGroups/poc-netop-rg/providers/Microsoft.Network/applicationGateways/apid-gw-appgateway/frontendIPConfigurations/ingress-ip-config",
                "frontend_ip_configuration_name": "ingress-ip-config",
                "frontend_port_id": "/subscriptions/47309ca5-07cb-421a-9190-601d13a30cdf/resourceGroups/poc-netop-rg/providers/Microsoft.Network/applicationGateways/apid-gw-appgateway/frontendPorts/FrontEnd-Port",
                "frontend_port_name": "FrontEnd-Port",
                "host_name": "hello.aci1.apid.vnet-tribe.afa.azure.extraxa",
                "id": "/subscriptions/47309ca5-07cb-421a-9190-601d13a30cdf/resourceGroups/poc-netop-rg/providers/Microsoft.Network/applicationGateways/apid-gw-appgateway/httpListeners/apid-gw-listener",
                "name": "apid-gw-listener",
                "protocol": "Http",
                "require_sni": false,
                "ssl_certificate_id": "",
                "ssl_certificate_name": ""
              }
            ],
            "id": "/subscriptions/47309ca5-07cb-421a-9190-601d13a30cdf/resourceGroups/poc-netop-rg/providers/Microsoft.Network/applicationGateways/apid-gw-appgateway",
            "identity": [],
            "location": "westeurope",
            "name": "apid-gw-appgateway",
            "probe": [],
            "redirect_configuration": [],
            "request_routing_rule": [
              {
                "backend_address_pool_id": "/subscriptions/47309ca5-07cb-421a-9190-601d13a30cdf/resourceGroups/poc-netop-rg/providers/Microsoft.Network/applicationGateways/apid-gw-appgateway/backendAddressPools/BackendPool",
                "backend_address_pool_name": "BackendPool",
                "backend_http_settings_id": "/subscriptions/47309ca5-07cb-421a-9190-601d13a30cdf/resourceGroups/poc-netop-rg/providers/Microsoft.Network/applicationGateways/apid-gw-appgateway/backendHttpSettingsCollection/BackendHTTPSettings",
                "backend_http_settings_name": "BackendHTTPSettings",
                "http_listener_id": "/subscriptions/47309ca5-07cb-421a-9190-601d13a30cdf/resourceGroups/poc-netop-rg/providers/Microsoft.Network/applicationGateways/apid-gw-appgateway/httpListeners/apid-gw-listener",
                "http_listener_name": "apid-gw-listener",
                "id": "/subscriptions/47309ca5-07cb-421a-9190-601d13a30cdf/resourceGroups/poc-netop-rg/providers/Microsoft.Network/applicationGateways/apid-gw-appgateway/requestRoutingRules/apid-gw-routing_rule",
                "name": "apid-gw-routing_rule",
                "redirect_configuration_id": "",
                "redirect_configuration_name": "",
                "rewrite_rule_set_id": "",
                "rewrite_rule_set_name": "",
                "rule_type": "Basic",
                "url_path_map_id": "",
                "url_path_map_name": ""
              }
            ],
            "resource_group_name": "poc-netop-rg",
            "rewrite_rule_set": [],
            "sku": [
              {
                "capacity": 1,
                "name": "Standard_v2",
                "tier": "Standard_v2"
              }
            ],
            "ssl_certificate": [],
            "ssl_policy": [
              {
                "cipher_suites": [],
                "disabled_protocols": [],
                "min_protocol_version": "",
                "policy_name": "",
                "policy_type": ""
              }
            ],
            "tags": {
              "global-dcs": "DDOO",
              "global-env": "sb",
              "global-opco": "AFA",
              "global-project": "LB25689"
            },
            "trusted_root_certificate": [],
            "url_path_map": [],
            "waf_configuration": [],
            "zones": []
          },
          "private": "bnVsbA==",
          "dependencies": [
            "azurerm_resource_group.poc-netop-rg",
            "module.apid-aci.azurerm_container_group.netop-aci",
            "module.apid-aci.azurerm_network_profile.netop-np",
            "module.appgw-apid.azurerm_public_ip.public-fe",
            "module.appgw-apid.azurerm_subnet.gw-subnet",
            "module.vnet-apid.azurerm_subnet.gw-subnet",
            "module.vnet-apid.azurerm_virtual_network.gw-vnet"
          ]
        }
      ]
    },
    {
      "module": "module.bastion",
      "mode": "managed",
      "type": "azurerm_bastion_host",
      "name": "bastion",
      "provider": "provider.azurerm",
      "instances": [
        {
          "schema_version": 0,
          "attributes": {
            "dns_name": "bst-350490f2-33d3-496d-81e4-f66f6cb4279c.bastion.azure.com",
            "id": "/subscriptions/47309ca5-07cb-421a-9190-601d13a30cdf/resourceGroups/poc-netop-rg/providers/Microsoft.Network/bastionHosts/Bastion",
            "ip_configuration": [
              {
                "name": "ip-config",
                "public_ip_address_id": "/subscriptions/47309ca5-07cb-421a-9190-601d13a30cdf/resourceGroups/poc-netop-rg/providers/Microsoft.Network/publicIPAddresses/bastion-pip",
                "subnet_id": "/subscriptions/47309ca5-07cb-421a-9190-601d13a30cdf/resourceGroups/poc-netop-rg/providers/Microsoft.Network/virtualNetworks/afa/subnets/AzureBastionSubnet"
              }
            ],
            "location": "westeurope",
            "name": "Bastion",
            "resource_group_name": "poc-netop-rg",
            "tags": {
              "global-dcs": "DDOO",
              "global-env": "sb",
              "global-opco": "AFA",
              "global-project": "LB25689"
            }
          },
          "private": "bnVsbA==",
          "dependencies": [
            "azurerm_resource_group.poc-netop-rg",
            "module.bastion.azurerm_public_ip.pip",
            "module.bastion.azurerm_subnet.bastion-subnet",
            "module.vnet-afa.azurerm_virtual_network.gw-vnet"
          ]
        }
      ]
    },
    {
      "module": "module.apid-aci",
      "mode": "managed",
      "type": "azurerm_container_group",
      "name": "netop-aci",
      "provider": "provider.azurerm",
      "instances": [
        {
          "schema_version": 0,
          "attributes": {
            "container": [
              {
                "command": "",
                "commands": [],
                "cpu": 0.5,
                "environment_variables": {},
                "gpu": [],
                "image": "mcr.microsoft.com/azuredocs/aci-helloworld",
                "liveness_probe": [],
                "memory": 1.5,
                "name": "helloworld",
                "port": 80,
                "ports": [
                  {
                    "port": 80,
                    "protocol": "TCP"
                  }
                ],
                "protocol": "TCP",
                "readiness_probe": [],
                "secure_environment_variables": {},
                "volume": []
              }
            ],
            "diagnostics": [],
            "dns_name_label": "",
            "fqdn": "",
            "id": "/subscriptions/47309ca5-07cb-421a-9190-601d13a30cdf/resourceGroups/poc-netop-rg/providers/Microsoft.ContainerInstance/containerGroups/apid-aci",
            "identity": [],
            "image_registry_credential": [],
            "ip_address": "10.1.1.4",
            "ip_address_type": "Private",
            "location": "westeurope",
            "name": "apid-aci",
            "network_profile_id": "/subscriptions/47309ca5-07cb-421a-9190-601d13a30cdf/resourceGroups/poc-netop-rg/providers/Microsoft.Network/networkProfiles/apid-aci",
            "os_type": "Linux",
            "resource_group_name": "poc-netop-rg",
            "restart_policy": "Always",
            "tags": {
              "global-dcs": "DDOO",
              "global-env": "sb",
              "global-opco": "AFA",
              "global-project": "LB25689"
            }
          },
          "private": "bnVsbA==",
          "dependencies": [
            "azurerm_resource_group.poc-netop-rg",
            "module.apid-aci.azurerm_network_profile.netop-np",
            "module.vnet-apid.azurerm_subnet.gw-subnet",
            "module.vnet-apid.azurerm_virtual_network.gw-vnet"
          ]
        }
      ]
    },
    {
      "module": "module.vm",
      "mode": "managed",
      "type": "azurerm_network_interface",
      "name": "main",
      "provider": "provider.azurerm",
      "instances": [
        {
          "schema_version": 0,
          "attributes": {
            "applied_dns_servers": [],
            "dns_servers": [],
            "enable_accelerated_networking": false,
            "enable_ip_forwarding": false,
            "id": "/subscriptions/47309ca5-07cb-421a-9190-601d13a30cdf/resourceGroups/poc-netop-rg/providers/Microsoft.Network/networkInterfaces/afa-nic",
            "internal_dns_name_label": "",
            "internal_fqdn": "",
            "ip_configuration": [
              {
                "application_gateway_backend_address_pools_ids": [],
                "application_security_group_ids": [],
                "load_balancer_backend_address_pools_ids": [],
                "load_balancer_inbound_nat_rules_ids": [],
                "name": "vm-ipconfig",
                "primary": true,
                "private_ip_address": "10.1.1.4",
                "private_ip_address_allocation": "dynamic",
                "private_ip_address_version": "IPv4",
                "public_ip_address_id": "",
                "subnet_id": "/subscriptions/47309ca5-07cb-421a-9190-601d13a30cdf/resourceGroups/poc-netop-rg/providers/Microsoft.Network/virtualNetworks/afa/subnets/afa"
              }
            ],
            "location": "westeurope",
            "mac_address": "00-0D-3A-A8-8B-28",
            "name": "afa-nic",
            "network_security_group_id": "",
            "private_ip_address": "10.1.1.4",
            "private_ip_addresses": [
              "10.1.1.4"
            ],
            "resource_group_name": "poc-netop-rg",
            "tags": {
              "global-dcs": "DDOO",
              "global-env": "sb",
              "global-opco": "AFA",
              "global-project": "LB25689"
            },
            "virtual_machine_id": "/subscriptions/47309ca5-07cb-421a-9190-601d13a30cdf/resourceGroups/poc-netop-rg/providers/Microsoft.Compute/virtualMachines/afa-vm"
          },
          "private": "bnVsbA==",
          "dependencies": [
            "azurerm_resource_group.poc-netop-rg",
            "module.vnet-afa.azurerm_subnet.gw-subnet",
            "module.vnet-afa.azurerm_virtual_network.gw-vnet"
          ]
        }
      ]
    },
    {
      "module": "module.apid-aci",
      "mode": "managed",
      "type": "azurerm_network_profile",
      "name": "netop-np",
      "provider": "provider.azurerm",
      "instances": [
        {
          "schema_version": 0,
          "attributes": {
            "container_network_interface": [
              {
                "ip_configuration": [
                  {
                    "name": "apid-aci",
                    "subnet_id": "/subscriptions/47309ca5-07cb-421a-9190-601d13a30cdf/resourceGroups/poc-netop-rg/providers/Microsoft.Network/virtualNetworks/apid/subnets/apid"
                  }
                ],
                "name": "apid-aci"
              }
            ],
            "container_network_interface_ids": [
              "/subscriptions/47309ca5-07cb-421a-9190-601d13a30cdf/resourceGroups/poc-netop-rg/providers/Microsoft.Network/networkProfiles/apid-aci/containerNetworkInterfaces/db1b1d3f-371c-4ed9-a931-a343673664c8_apid-aci"
            ],
            "id": "/subscriptions/47309ca5-07cb-421a-9190-601d13a30cdf/resourceGroups/poc-netop-rg/providers/Microsoft.Network/networkProfiles/apid-aci",
            "location": "westeurope",
            "name": "apid-aci",
            "resource_group_name": "poc-netop-rg",
            "tags": {
              "global-dcs": "DDOO",
              "global-env": "sb",
              "global-opco": "AFA",
              "global-project": "LB25689"
            }
          },
          "private": "bnVsbA==",
          "dependencies": [
            "azurerm_resource_group.poc-netop-rg",
            "module.vnet-apid.azurerm_subnet.gw-subnet",
            "module.vnet-apid.azurerm_virtual_network.gw-vnet"
          ]
        }
      ]
    },
    {
      "module": "module.apid-aci",
      "mode": "managed",
      "type": "azurerm_network_security_group",
      "name": "aci-sg",
      "provider": "provider.azurerm",
      "instances": [
        {
          "schema_version": 0,
          "attributes": {
            "id": "/subscriptions/47309ca5-07cb-421a-9190-601d13a30cdf/resourceGroups/poc-netop-rg/providers/Microsoft.Network/networkSecurityGroups/aci-appgw-sg",
            "location": "westeurope",
            "name": "aci-appgw-sg",
            "resource_group_name": "poc-netop-rg",
            "security_rule": [
              {
                "access": "Allow",
                "description": "",
                "destination_address_prefix": "10.1.1.4",
                "destination_address_prefixes": [],
                "destination_application_security_group_ids": [],
                "destination_port_range": "80",
                "destination_port_ranges": [],
                "direction": "Inbound",
                "name": "AllowFromAppGateway",
                "priority": 100,
                "protocol": "Tcp",
                "source_address_prefix": "10.1.2.10",
                "source_address_prefixes": [],
                "source_application_security_group_ids": [],
                "source_port_range": "*",
                "source_port_ranges": []
              }
            ],
            "tags": {
              "global-dcs": "DDOO",
              "global-env": "sb",
              "global-opco": "AFA",
              "global-project": "LB25689"
            }
          },
          "private": "bnVsbA==",
          "dependencies": [
            "azurerm_resource_group.poc-netop-rg",
            "module.apid-aci.azurerm_container_group.netop-aci",
            "module.apid-aci.azurerm_network_profile.netop-np",
            "module.vnet-apid.azurerm_subnet.gw-subnet",
            "module.vnet-apid.azurerm_virtual_network.gw-vnet"
          ]
        }
      ]
    },
    {
      "module": "module.firewall",
      "mode": "managed",
      "type": "azurerm_network_security_group",
      "name": "nsg",
      "provider": "provider.azurerm",
      "instances": [
        {
          "schema_version": 0,
          "attributes": {
            "id": "/subscriptions/47309ca5-07cb-421a-9190-601d13a30cdf/resourceGroups/poc-netop-rg/providers/Microsoft.Network/networkSecurityGroups/netop-nsg",
            "location": "westeurope",
            "name": "netop-nsg",
            "resource_group_name": "poc-netop-rg",
            "security_rule": [
              {
                "access": "Allow",
                "description": "",
                "destination_address_prefix": "*",
                "destination_address_prefixes": [],
                "destination_application_security_group_ids": [],
                "destination_port_range": "*",
                "destination_port_ranges": [],
                "direction": "Inbound",
                "name": "allow-afa-gw",
                "priority": 150,
                "protocol": "Tcp",
                "source_address_prefix": "51.105.184.165",
                "source_address_prefixes": [],
                "source_application_security_group_ids": [],
                "source_port_range": "*",
                "source_port_ranges": []
              },
              {
                "access": "Allow",
                "description": "",
                "destination_address_prefix": "*",
                "destination_address_prefixes": [],
                "destination_application_security_group_ids": [],
                "destination_port_range": "65200-65535",
                "destination_port_ranges": [],
                "direction": "Inbound",
                "name": "allow-azure-admin",
                "priority": 140,
                "protocol": "Tcp",
                "source_address_prefix": "*",
                "source_address_prefixes": [],
                "source_application_security_group_ids": [],
                "source_port_range": "*",
                "source_port_ranges": []
              }
            ],
            "tags": {
              "global-dcs": "DDOO",
              "global-env": "sb",
              "global-opco": "AFA",
              "global-project": "LB25689"
            }
          },
          "private": "bnVsbA==",
          "dependencies": [
            "azurerm_resource_group.poc-netop-rg",
            "module.appgw-afa.azurerm_public_ip.public-fe"
          ]
        }
      ]
    },
    {
      "module": "module.afa-dns",
      "mode": "managed",
      "type": "azurerm_private_dns_a_record",
      "name": "dns-record",
      "provider": "provider.azurerm",
      "instances": [
        {
          "schema_version": 0,
          "attributes": {
            "id": "/subscriptions/47309ca5-07cb-421a-9190-601d13a30cdf/resourceGroups/poc-netop-rg/providers/Microsoft.Network/privateDnsZones/afa.azure.extraxa/A/*.vnet-tribe",
            "name": "*.vnet-tribe",
            "records": [
              "10.1.2.10"
            ],
            "resource_group_name": "poc-netop-rg",
            "tags": {},
            "ttl": 300,
            "zone_name": "afa.azure.extraxa"
          },
          "private": "bnVsbA==",
          "dependencies": [
            "azurerm_resource_group.poc-netop-rg",
            "module.afa-dns.azurerm_private_dns_zone.dns-zone"
          ]
        }
      ]
    },
    {
      "module": "module.afa-dns",
      "mode": "managed",
      "type": "azurerm_private_dns_zone",
      "name": "dns-zone",
      "provider": "provider.azurerm",
      "instances": [
        {
          "schema_version": 0,
          "attributes": {
            "id": "/subscriptions/47309ca5-07cb-421a-9190-601d13a30cdf/resourceGroups/poc-netop-rg/providers/Microsoft.Network/privateDnsZones/afa.azure.extraxa",
            "max_number_of_record_sets": 25000,
            "max_number_of_virtual_network_links": 1000,
            "max_number_of_virtual_network_links_with_registration": 100,
            "name": "afa.azure.extraxa",
            "number_of_record_sets": 2,
            "resource_group_name": "poc-netop-rg",
            "tags": {
              "global-dcs": "DDOO",
              "global-env": "sb",
              "global-opco": "AFA",
              "global-project": "LB25689"
            }
          },
          "private": "bnVsbA==",
          "dependencies": [
            "azurerm_resource_group.poc-netop-rg"
          ]
        }
      ]
    },
    {
      "module": "module.afa-dns",
      "mode": "managed",
      "type": "azurerm_private_dns_zone_virtual_network_link",
      "name": "vnet-link",
      "provider": "provider.azurerm",
      "instances": [
        {
          "schema_version": 0,
          "attributes": {
            "id": "/subscriptions/47309ca5-07cb-421a-9190-601d13a30cdf/resourceGroups/poc-netop-rg/providers/Microsoft.Network/privateDnsZones/afa.azure.extraxa/virtualNetworkLinks/afa.azure.extraxa-link",
            "name": "afa.azure.extraxa-link",
            "private_dns_zone_name": "afa.azure.extraxa",
            "registration_enabled": false,
            "resource_group_name": "poc-netop-rg",
            "tags": {
              "global-dcs": "DDOO",
              "global-env": "sb",
              "global-opco": "AFA",
              "global-project": "LB25689"
            },
            "virtual_network_id": "/subscriptions/47309ca5-07cb-421a-9190-601d13a30cdf/resourceGroups/poc-netop-rg/providers/Microsoft.Network/virtualNetworks/afa"
          },
          "private": "bnVsbA==",
          "dependencies": [
            "azurerm_resource_group.poc-netop-rg",
            "module.afa-dns.azurerm_private_dns_zone.dns-zone",
            "module.vnet-afa.azurerm_virtual_network.gw-vnet"
          ]
        }
      ]
    },
    {
      "module": "module.bastion",
      "mode": "managed",
      "type": "azurerm_public_ip",
      "name": "pip",
      "provider": "provider.azurerm",
      "instances": [
        {
          "schema_version": 0,
          "attributes": {
            "allocation_method": "Static",
            "domain_name_label": null,
            "fqdn": null,
            "id": "/subscriptions/47309ca5-07cb-421a-9190-601d13a30cdf/resourceGroups/poc-netop-rg/providers/Microsoft.Network/publicIPAddresses/bastion-pip",
            "idle_timeout_in_minutes": 4,
            "ip_address": "40.67.221.80",
            "ip_version": "IPv4",
            "location": "westeurope",
            "name": "bastion-pip",
            "public_ip_address_allocation": "Static",
            "public_ip_prefix_id": null,
            "resource_group_name": "poc-netop-rg",
            "reverse_fqdn": null,
            "sku": "Standard",
            "tags": {
              "global-dcs": "DDOO",
              "global-env": "sb",
              "global-opco": "AFA",
              "global-project": "LB25689"
            },
            "zones": []
          },
          "private": "bnVsbA==",
          "dependencies": [
            "azurerm_resource_group.poc-netop-rg"
          ]
        }
      ]
    },
    {
      "module": "module.appgw-afa",
      "mode": "managed",
      "type": "azurerm_public_ip",
      "name": "public-fe",
      "provider": "provider.azurerm",
      "instances": [
        {
          "schema_version": 0,
          "attributes": {
            "allocation_method": "Static",
            "domain_name_label": null,
            "fqdn": null,
            "id": "/subscriptions/47309ca5-07cb-421a-9190-601d13a30cdf/resourceGroups/poc-netop-rg/providers/Microsoft.Network/publicIPAddresses/afa-gw-pip",
            "idle_timeout_in_minutes": 4,
            "ip_address": "51.105.184.165",
            "ip_version": "IPv4",
            "location": "westeurope",
            "name": "afa-gw-pip",
            "public_ip_address_allocation": "Static",
            "public_ip_prefix_id": null,
            "resource_group_name": "poc-netop-rg",
            "reverse_fqdn": null,
            "sku": "Standard",
            "tags": {
              "global-dcs": "DDOO",
              "global-env": "sb",
              "global-opco": "AFA",
              "global-project": "LB25689"
            },
            "zones": []
          },
          "private": "bnVsbA==",
          "dependencies": [
            "azurerm_resource_group.poc-netop-rg"
          ]
        }
      ]
    },
    {
      "module": "module.appgw-apid",
      "mode": "managed",
      "type": "azurerm_public_ip",
      "name": "public-fe",
      "provider": "provider.azurerm",
      "instances": [
        {
          "schema_version": 0,
          "attributes": {
            "allocation_method": "Static",
            "domain_name_label": null,
            "fqdn": null,
            "id": "/subscriptions/47309ca5-07cb-421a-9190-601d13a30cdf/resourceGroups/poc-netop-rg/providers/Microsoft.Network/publicIPAddresses/apid-gw-pip",
            "idle_timeout_in_minutes": 4,
            "ip_address": "51.105.206.73",
            "ip_version": "IPv4",
            "location": "westeurope",
            "name": "apid-gw-pip",
            "public_ip_address_allocation": "Static",
            "public_ip_prefix_id": null,
            "resource_group_name": "poc-netop-rg",
            "reverse_fqdn": null,
            "sku": "Standard",
            "tags": {
              "global-dcs": "DDOO",
              "global-env": "sb",
              "global-opco": "AFA",
              "global-project": "LB25689"
            },
            "zones": []
          },
          "private": "bnVsbA==",
          "dependencies": [
            "azurerm_resource_group.poc-netop-rg"
          ]
        }
      ]
    },
    {
      "mode": "managed",
      "type": "azurerm_resource_group",
      "name": "poc-netop-rg",
      "provider": "provider.azurerm",
      "instances": [
        {
          "schema_version": 0,
          "attributes": {
            "id": "/subscriptions/47309ca5-07cb-421a-9190-601d13a30cdf/resourceGroups/poc-netop-rg",
            "location": "westeurope",
            "name": "poc-netop-rg",
            "tags": {
              "RGdcs": "DDOO",
              "RGenv": "sb",
              "RGopco": "AFA",
              "RGproject": "LB25689"
            }
          },
          "private": "bnVsbA=="
        }
      ]
    },
    {
      "module": "module.bastion",
      "mode": "managed",
      "type": "azurerm_subnet",
      "name": "bastion-subnet",
      "provider": "provider.azurerm",
      "instances": [
        {
          "schema_version": 0,
          "attributes": {
            "address_prefix": "10.1.3.0/27",
            "delegation": [],
            "enforce_private_link_service_network_policies": false,
            "id": "/subscriptions/47309ca5-07cb-421a-9190-601d13a30cdf/resourceGroups/poc-netop-rg/providers/Microsoft.Network/virtualNetworks/afa/subnets/AzureBastionSubnet",
            "ip_configurations": [
              "/subscriptions/47309ca5-07cb-421a-9190-601d13a30cdf/resourceGroups/poc-netop-rg/providers/Microsoft.Network/bastionHosts/Bastion/bastionHostIpConfigurations/ip-config"
            ],
            "name": "AzureBastionSubnet",
            "network_security_group_id": "",
            "resource_group_name": "poc-netop-rg",
            "route_table_id": "",
            "service_endpoints": [],
            "virtual_network_name": "afa"
          },
          "private": "bnVsbA==",
          "dependencies": [
            "azurerm_resource_group.poc-netop-rg",
            "module.vnet-afa.azurerm_virtual_network.gw-vnet"
          ]
        }
      ]
    },
    {
      "module": "module.appgw-afa",
      "mode": "managed",
      "type": "azurerm_subnet",
      "name": "gw-subnet",
      "provider": "provider.azurerm",
      "instances": [
        {
          "schema_version": 0,
          "attributes": {
            "address_prefix": "10.1.2.0/28",
            "delegation": [],
            "enforce_private_link_service_network_policies": false,
            "id": "/subscriptions/47309ca5-07cb-421a-9190-601d13a30cdf/resourceGroups/poc-netop-rg/providers/Microsoft.Network/virtualNetworks/afa/subnets/afa-gw",
            "ip_configurations": [
              "/subscriptions/47309ca5-07cb-421a-9190-601d13a30cdf/resourceGroups/poc-netop-rg/providers/Microsoft.Network/applicationGateways/afa-gw-appgateway/frontendIPConfigurations/ingress-ip-config"
            ],
            "name": "afa-gw",
            "network_security_group_id": "",
            "resource_group_name": "poc-netop-rg",
            "route_table_id": "",
            "service_endpoints": [],
            "virtual_network_name": "afa"
          },
          "private": "bnVsbA==",
          "dependencies": [
            "azurerm_resource_group.poc-netop-rg",
            "module.vnet-afa.azurerm_virtual_network.gw-vnet"
          ]
        }
      ]
    },
    {
      "module": "module.vnet-apid",
      "mode": "managed",
      "type": "azurerm_subnet",
      "name": "gw-subnet",
      "provider": "provider.azurerm",
      "instances": [
        {
          "schema_version": 0,
          "attributes": {
            "address_prefix": "10.1.1.0/24",
            "delegation": [
              {
                "name": "vm-delegation",
                "service_delegation": [
                  {
                    "actions": [
                      "Microsoft.Network/virtualNetworks/subnets/action"
                    ],
                    "name": "Microsoft.ContainerInstance/containerGroups"
                  }
                ]
              }
            ],
            "enforce_private_link_service_network_policies": false,
            "id": "/subscriptions/47309ca5-07cb-421a-9190-601d13a30cdf/resourceGroups/poc-netop-rg/providers/Microsoft.Network/virtualNetworks/apid/subnets/apid",
            "ip_configurations": [],
            "name": "apid",
            "network_security_group_id": "",
            "resource_group_name": "poc-netop-rg",
            "route_table_id": "",
            "service_endpoints": [],
            "virtual_network_name": "apid"
          },
          "private": "bnVsbA==",
          "dependencies": [
            "azurerm_resource_group.poc-netop-rg",
            "module.vnet-apid.azurerm_virtual_network.gw-vnet"
          ]
        }
      ]
    },
    {
      "module": "module.appgw-apid",
      "mode": "managed",
      "type": "azurerm_subnet",
      "name": "gw-subnet",
      "provider": "provider.azurerm",
      "instances": [
        {
          "schema_version": 0,
          "attributes": {
            "address_prefix": "10.1.2.0/28",
            "delegation": [],
            "enforce_private_link_service_network_policies": false,
            "id": "/subscriptions/47309ca5-07cb-421a-9190-601d13a30cdf/resourceGroups/poc-netop-rg/providers/Microsoft.Network/virtualNetworks/apid/subnets/apid-gw",
            "ip_configurations": [
              "/subscriptions/47309ca5-07cb-421a-9190-601d13a30cdf/resourceGroups/poc-netop-rg/providers/Microsoft.Network/applicationGateways/apid-gw-appgateway/frontendIPConfigurations/egress-ip-config"
            ],
            "name": "apid-gw",
            "network_security_group_id": "",
            "resource_group_name": "poc-netop-rg",
            "route_table_id": "",
            "service_endpoints": [],
            "virtual_network_name": "apid"
          },
          "private": "bnVsbA==",
          "dependencies": [
            "azurerm_resource_group.poc-netop-rg",
            "module.vnet-apid.azurerm_virtual_network.gw-vnet"
          ]
        }
      ]
    },
    {
      "module": "module.vnet-afa",
      "mode": "managed",
      "type": "azurerm_subnet",
      "name": "gw-subnet",
      "provider": "provider.azurerm",
      "instances": [
        {
          "schema_version": 0,
          "attributes": {
            "address_prefix": "10.1.1.0/24",
            "delegation": [],
            "enforce_private_link_service_network_policies": false,
            "id": "/subscriptions/47309ca5-07cb-421a-9190-601d13a30cdf/resourceGroups/poc-netop-rg/providers/Microsoft.Network/virtualNetworks/afa/subnets/afa",
            "ip_configurations": [
              "/subscriptions/47309ca5-07cb-421a-9190-601d13a30cdf/resourceGroups/poc-netop-rg/providers/Microsoft.Network/networkInterfaces/afa-nic/ipConfigurations/vm-ipconfig"
            ],
            "name": "afa",
            "network_security_group_id": "",
            "resource_group_name": "poc-netop-rg",
            "route_table_id": "",
            "service_endpoints": [],
            "virtual_network_name": "afa"
          },
          "private": "bnVsbA==",
          "dependencies": [
            "azurerm_resource_group.poc-netop-rg",
            "module.vnet-afa.azurerm_virtual_network.gw-vnet"
          ]
        }
      ]
    },
    {
      "module": "module.apid-aci",
      "mode": "managed",
      "type": "azurerm_subnet_network_security_group_association",
      "name": "aci-sg-association",
      "provider": "provider.azurerm",
      "instances": [
        {
          "schema_version": 0,
          "attributes": {
            "id": "/subscriptions/47309ca5-07cb-421a-9190-601d13a30cdf/resourceGroups/poc-netop-rg/providers/Microsoft.Network/virtualNetworks/apid/subnets/apid",
            "network_security_group_id": "/subscriptions/47309ca5-07cb-421a-9190-601d13a30cdf/resourceGroups/poc-netop-rg/providers/Microsoft.Network/networkSecurityGroups/aci-appgw-sg",
            "subnet_id": "/subscriptions/47309ca5-07cb-421a-9190-601d13a30cdf/resourceGroups/poc-netop-rg/providers/Microsoft.Network/virtualNetworks/apid/subnets/apid"
          },
          "private": "bnVsbA==",
          "dependencies": [
            "azurerm_resource_group.poc-netop-rg",
            "module.apid-aci.azurerm_network_security_group.aci-sg",
            "module.vnet-apid.azurerm_subnet.gw-subnet",
            "module.vnet-apid.azurerm_virtual_network.gw-vnet"
          ]
        }
      ]
    },
    {
      "module": "module.firewall",
      "mode": "managed",
      "type": "azurerm_subnet_network_security_group_association",
      "name": "association",
      "provider": "provider.azurerm",
      "instances": [
        {
          "schema_version": 0,
          "attributes": {
            "id": "/subscriptions/47309ca5-07cb-421a-9190-601d13a30cdf/resourceGroups/poc-netop-rg/providers/Microsoft.Network/virtualNetworks/apid/subnets/apid-gw",
            "network_security_group_id": "/subscriptions/47309ca5-07cb-421a-9190-601d13a30cdf/resourceGroups/poc-netop-rg/providers/Microsoft.Network/networkSecurityGroups/netop-nsg",
            "subnet_id": "/subscriptions/47309ca5-07cb-421a-9190-601d13a30cdf/resourceGroups/poc-netop-rg/providers/Microsoft.Network/virtualNetworks/apid/subnets/apid-gw"
          },
          "private": "bnVsbA==",
          "dependencies": [
            "module.appgw-apid.azurerm_subnet.gw-subnet",
            "module.firewall.azurerm_network_security_group.nsg"
          ]
        }
      ]
    },
    {
      "module": "module.vm",
      "mode": "managed",
      "type": "azurerm_virtual_machine",
      "name": "main",
      "provider": "provider.azurerm",
      "instances": [
        {
          "schema_version": 0,
          "attributes": {
            "additional_capabilities": [],
            "availability_set_id": null,
            "boot_diagnostics": [],
            "delete_data_disks_on_termination": true,
            "delete_os_disk_on_termination": true,
            "id": "/subscriptions/47309ca5-07cb-421a-9190-601d13a30cdf/resourceGroups/poc-netop-rg/providers/Microsoft.Compute/virtualMachines/afa-vm",
            "identity": [],
            "license_type": null,
            "location": "westeurope",
            "name": "afa-vm",
            "network_interface_ids": [
              "/subscriptions/47309ca5-07cb-421a-9190-601d13a30cdf/resourceGroups/poc-netop-rg/providers/Microsoft.Network/networkInterfaces/afa-nic"
            ],
            "os_profile": [
              {
                "admin_password": "",
                "admin_username": "gm",
                "computer_name": "afa-vm",
                "custom_data": ""
              }
            ],
            "os_profile_linux_config": [
              {
                "disable_password_authentication": false,
                "ssh_keys": []
              }
            ],
            "os_profile_secrets": [],
            "os_profile_windows_config": [],
            "plan": [],
            "primary_network_interface_id": null,
            "proximity_placement_group_id": null,
            "resource_group_name": "poc-netop-rg",
            "storage_data_disk": [],
            "storage_image_reference": [
              {
                "id": "",
                "offer": "UbuntuServer",
                "publisher": "Canonical",
                "sku": "16.04-LTS",
                "version": "latest"
              }
            ],
            "storage_os_disk": [
              {
                "caching": "ReadWrite",
                "create_option": "FromImage",
                "disk_size_gb": 30,
                "image_uri": "",
                "managed_disk_id": "/subscriptions/47309ca5-07cb-421a-9190-601d13a30cdf/resourceGroups/poc-netop-rg/providers/Microsoft.Compute/disks/afa-disk",
                "managed_disk_type": "Standard_LRS",
                "name": "afa-disk",
                "os_type": "Linux",
                "vhd_uri": "",
                "write_accelerator_enabled": false
              }
            ],
            "tags": {
              "global-dcs": "DDOO",
              "global-env": "sb",
              "global-opco": "AFA",
              "global-project": "LB25689"
            },
            "vm_size": "Standard_DS1_v2",
            "zones": []
          },
          "private": "bnVsbA==",
          "dependencies": [
            "azurerm_resource_group.poc-netop-rg",
            "module.vm.azurerm_network_interface.main",
            "module.vnet-afa.azurerm_subnet.gw-subnet",
            "module.vnet-afa.azurerm_virtual_network.gw-vnet"
          ]
        }
      ]
    },
    {
      "module": "module.vnet-apid",
      "mode": "managed",
      "type": "azurerm_virtual_network",
      "name": "gw-vnet",
      "provider": "provider.azurerm",
      "instances": [
        {
          "schema_version": 0,
          "attributes": {
            "address_space": [
              "10.1.0.0/16"
            ],
            "ddos_protection_plan": [],
            "dns_servers": [],
            "id": "/subscriptions/47309ca5-07cb-421a-9190-601d13a30cdf/resourceGroups/poc-netop-rg/providers/Microsoft.Network/virtualNetworks/apid",
            "location": "westeurope",
            "name": "apid",
            "resource_group_name": "poc-netop-rg",
            "subnet": [
              {
                "address_prefix": "10.1.1.0/24",
                "id": "/subscriptions/47309ca5-07cb-421a-9190-601d13a30cdf/resourceGroups/poc-netop-rg/providers/Microsoft.Network/virtualNetworks/apid/subnets/apid",
                "name": "apid",
                "security_group": ""
              },
              {
                "address_prefix": "10.1.2.0/28",
                "id": "/subscriptions/47309ca5-07cb-421a-9190-601d13a30cdf/resourceGroups/poc-netop-rg/providers/Microsoft.Network/virtualNetworks/apid/subnets/apid-gw",
                "name": "apid-gw",
                "security_group": ""
              }
            ],
            "tags": {
              "global-dcs": "DDOO",
              "global-env": "sb",
              "global-opco": "AFA",
              "global-project": "LB25689"
            }
          },
          "private": "bnVsbA==",
          "dependencies": [
            "azurerm_resource_group.poc-netop-rg"
          ]
        }
      ]
    },
    {
      "module": "module.vnet-afa",
      "mode": "managed",
      "type": "azurerm_virtual_network",
      "name": "gw-vnet",
      "provider": "provider.azurerm",
      "instances": [
        {
          "schema_version": 0,
          "attributes": {
            "address_space": [
              "10.1.0.0/16"
            ],
            "ddos_protection_plan": [],
            "dns_servers": [],
            "id": "/subscriptions/47309ca5-07cb-421a-9190-601d13a30cdf/resourceGroups/poc-netop-rg/providers/Microsoft.Network/virtualNetworks/afa",
            "location": "westeurope",
            "name": "afa",
            "resource_group_name": "poc-netop-rg",
            "subnet": [
              {
                "address_prefix": "10.1.1.0/24",
                "id": "/subscriptions/47309ca5-07cb-421a-9190-601d13a30cdf/resourceGroups/poc-netop-rg/providers/Microsoft.Network/virtualNetworks/afa/subnets/afa",
                "name": "afa",
                "security_group": ""
              },
              {
                "address_prefix": "10.1.2.0/28",
                "id": "/subscriptions/47309ca5-07cb-421a-9190-601d13a30cdf/resourceGroups/poc-netop-rg/providers/Microsoft.Network/virtualNetworks/afa/subnets/afa-gw",
                "name": "afa-gw",
                "security_group": ""
              },
              {
                "address_prefix": "10.1.3.0/27",
                "id": "/subscriptions/47309ca5-07cb-421a-9190-601d13a30cdf/resourceGroups/poc-netop-rg/providers/Microsoft.Network/virtualNetworks/afa/subnets/AzureBastionSubnet",
                "name": "AzureBastionSubnet",
                "security_group": ""
              }
            ],
            "tags": {
              "global-dcs": "DDOO",
              "global-env": "sb",
              "global-opco": "AFA",
              "global-project": "LB25689"
            }
          },
          "private": "bnVsbA==",
          "dependencies": [
            "azurerm_resource_group.poc-netop-rg"
          ]
        }
      ]
    }
  ]
}
